
Microsoft Visual Studio Solution File, Format Version 12.00
# Visual Studio Version 17
VisualStudioVersion = 17.14.36603.0
MinimumVisualStudioVersion = 10.0.40219.1
Project("{FAE04EC0-301F-11D3-BF4B-00C04F79EFBC}") = "OtusTest3", "OtusTest3\OtusTest3.csproj", "{D6C91818-FB69-4CBF-A2E7-3F3BAF6B858F}"
EndProject
Project("{FAE04EC0-301F-11D3-BF4B-00C04F79EFBC}") = "Otus.ToDoList.ConsoleBot", "..\C-Sharp-Basic\Homeworks\07 Асинхронность, делегаты и события\Otus.ToDoList.ConsoleBot\Otus.ToDoList.ConsoleBot.csproj", "{8D18D15B-2ACA-A9A8-97A0-34BEDA5E3C67}"
EndProject
Global
	GlobalSection(SolutionConfigurationPlatforms) = preSolution
		Debug|Any CPU = Debug|Any CPU
		Release|Any CPU = Release|Any CPU
	EndGlobalSection
	GlobalSection(ProjectConfigurationPlatforms) = postSolution
		{D6C91818-FB69-4CBF-A2E7-3F3BAF6B858F}.Debug|Any CPU.ActiveCfg = Debug|Any CPU
		{D6C91818-FB69-4CBF-A2E7-3F3BAF6B858F}.Debug|Any CPU.Build.0 = Debug|Any CPU
		{D6C91818-FB69-4CBF-A2E7-3F3BAF6B858F}.Release|Any CPU.ActiveCfg = Release|Any CPU
		{D6C91818-FB69-4CBF-A2E7-3F3BAF6B858F}.Release|Any CPU.Build.0 = Release|Any CPU
		{8D18D15B-2ACA-A9A8-97A0-34BEDA5E3C67}.Debug|Any CPU.ActiveCfg = Debug|Any CPU
		{8D18D15B-2ACA-A9A8-97A0-34BEDA5E3C67}.Debug|Any CPU.Build.0 = Debug|Any CPU
		{8D18D15B-2ACA-A9A8-97A0-34BEDA5E3C67}.Release|Any CPU.ActiveCfg = Release|Any CPU
		{8D18D15B-2ACA-A9A8-97A0-34BEDA5E3C67}.Release|Any CPU.Build.0 = Release|Any CPU
	EndGlobalSection
	GlobalSection(SolutionProperties) = preSolution
		HideSolutionNode = FALSE
	EndGlobalSection
	GlobalSection(ExtensibilityGlobals) = postSolution
		SolutionGuid = {1EE961BA-3E93-443C-9AF5-5CB94F9ABEDE}
	EndGlobalSection
EndGlobal
